PODS:
  - boost-for-react-native (1.63.0)
  - BoringSSL-GRPC (0.0.3):
    - BoringSSL-GRPC/Implementation (= 0.0.3)
    - BoringSSL-GRPC/Interface (= 0.0.3)
  - BoringSSL-GRPC/Implementation (0.0.3):
    - BoringSSL-GRPC/Interface (= 0.0.3)
  - BoringSSL-GRPC/Interface (0.0.3)
  - Crashlytics (3.14.0):
    - Fabric (~> 1.10.2)
  - DoubleConversion (1.1.5)
  - Fabric (1.10.2)
  - FBSDKCoreKit (5.8.0):
    - FBSDKCoreKit/Basics (= 5.8.0)
    - FBSDKCoreKit/Core (= 5.8.0)
  - FBSDKCoreKit/Basics (5.8.0)
  - FBSDKCoreKit/Core (5.8.0):
    - FBSDKCoreKit/Basics
  - FBSDKLoginKit (5.8.0):
    - FBSDKLoginKit/Login (= 5.8.0)
  - FBSDKLoginKit/Login (5.8.0):
    - FBSDKCoreKit (~> 5.0)
  - FBSDKShareKit (5.8.0):
    - FBSDKShareKit/Share (= 5.8.0)
  - FBSDKShareKit/Share (5.8.0):
    - FBSDKCoreKit (~> 5.0)
  - Firebase/Auth (6.8.1):
    - Firebase/CoreOnly
    - FirebaseAuth (~> 6.2.3)
  - Firebase/Core (6.8.1):
    - Firebase/CoreOnly
    - FirebaseAnalytics (= 6.1.1)
  - Firebase/CoreOnly (6.8.1):
    - FirebaseCore (= 6.2.3)
  - Firebase/Database (6.8.1):
    - Firebase/CoreOnly
    - FirebaseDatabase (~> 6.1.0)
  - Firebase/Firestore (6.8.1):
    - Firebase/CoreOnly
    - FirebaseFirestore (~> 1.5.0)
  - Firebase/Messaging (6.8.1):
    - Firebase/CoreOnly
    - FirebaseMessaging (~> 4.1.4)
  - Firebase/Storage (6.8.1):
    - Firebase/CoreOnly
    - FirebaseStorage (~> 3.4.1)
  - FirebaseAnalytics (6.1.1):
    - FirebaseCore (~> 6.2)
    - FirebaseInstanceID (~> 4.2)
    - GoogleAppMeasurement (= 6.1.1)
    - GoogleUtilities/AppDelegateSwizzler (~> 6.0)
    - GoogleUtilities/MethodSwizzler (~> 6.0)
    - GoogleUtilities/Network (~> 6.0)
    - "GoogleUtilities/NSData+zlib (~> 6.0)"
    - nanopb (~> 0.3)
  - FirebaseAnalyticsInterop (1.5.0)
  - FirebaseAuth (6.2.3):
    - FirebaseAuthInterop (~> 1.0)
    - FirebaseCore (~> 6.2)
    - GoogleUtilities/AppDelegateSwizzler (~> 6.2)
    - GoogleUtilities/Environment (~> 6.2)
    - GTMSessionFetcher/Core (~> 1.1)
  - FirebaseAuthInterop (1.1.0)
  - FirebaseCore (6.2.3):
    - FirebaseCoreDiagnostics (~> 1.0)
    - FirebaseCoreDiagnosticsInterop (~> 1.0)
    - GoogleUtilities/Environment (~> 6.2)
    - GoogleUtilities/Logger (~> 6.2)
  - FirebaseCoreDiagnostics (1.2.4):
    - FirebaseCoreDiagnosticsInterop (~> 1.2)
    - GoogleDataTransportCCTSupport (~> 3.0)
    - GoogleUtilities/Environment (~> 6.5)
    - GoogleUtilities/Logger (~> 6.5)
    - nanopb (~> 0.3.901)
  - FirebaseCoreDiagnosticsInterop (1.2.0)
  - FirebaseDatabase (6.1.4):
    - FirebaseAuthInterop (~> 1.0)
    - FirebaseCore (~> 6.0)
    - leveldb-library (~> 1.22)
  - FirebaseFirestore (1.5.1):
    - FirebaseAuthInterop (~> 1.0)
    - FirebaseCore (~> 6.2)
    - FirebaseFirestore/abseil-cpp (= 1.5.1)
    - "gRPC-C++ (= 0.0.9)"
    - leveldb-library (~> 1.22)
    - nanopb (~> 0.3.901)
    - Protobuf (~> 3.1)
  - FirebaseFirestore/abseil-cpp (1.5.1):
    - FirebaseAuthInterop (~> 1.0)
    - FirebaseCore (~> 6.2)
    - "gRPC-C++ (= 0.0.9)"
    - leveldb-library (~> 1.22)
    - nanopb (~> 0.3.901)
    - Protobuf (~> 3.1)
  - FirebaseInstanceID (4.2.7):
    - FirebaseCore (~> 6.0)
    - GoogleUtilities/Environment (~> 6.0)
    - GoogleUtilities/UserDefaults (~> 6.0)
  - FirebaseMessaging (4.1.10):
    - FirebaseAnalyticsInterop (~> 1.3)
    - FirebaseCore (~> 6.2)
    - FirebaseInstanceID (~> 4.1)
    - GoogleUtilities/AppDelegateSwizzler (~> 6.2)
    - GoogleUtilities/Environment (~> 6.2)
    - GoogleUtilities/Reachability (~> 6.2)
    - GoogleUtilities/UserDefaults (~> 6.2)
    - Protobuf (>= 3.9.2, ~> 3.9)
  - FirebaseStorage (3.4.3):
    - FirebaseAuthInterop (~> 1.0)
    - FirebaseCore (~> 6.0)
    - GTMSessionFetcher/Core (~> 1.1)
  - Folly (2018.10.22.00):
    - boost-for-react-native
    - DoubleConversion
    - glog
  - glog (0.3.4)
  - GoogleAppMeasurement (6.1.1):
    - GoogleUtilities/AppDelegateSwizzler (~> 6.0)
    - GoogleUtilities/MethodSwizzler (~> 6.0)
    - GoogleUtilities/Network (~> 6.0)
    - "GoogleUtilities/NSData+zlib (~> 6.0)"
    - nanopb (~> 0.3)
  - GoogleDataTransport (6.1.0)
  - GoogleDataTransportCCTSupport (3.0.0):
    - GoogleDataTransport (~> 6.0)
    - nanopb (~> 0.3.901)
  - GoogleUtilities/AppDelegateSwizzler (6.6.0):
    - GoogleUtilities/Environment
    - GoogleUtilities/Logger
    - GoogleUtilities/Network
  - GoogleUtilities/Environment (6.6.0):
    - PromisesObjC (~> 1.2)
  - GoogleUtilities/Logger (6.6.0):
    - GoogleUtilities/Environment
  - GoogleUtilities/MethodSwizzler (6.6.0):
    - GoogleUtilities/Logger
  - GoogleUtilities/Network (6.6.0):
    - GoogleUtilities/Logger
    - "GoogleUtilities/NSData+zlib"
    - GoogleUtilities/Reachability
  - "GoogleUtilities/NSData+zlib (6.6.0)"
  - GoogleUtilities/Reachability (6.6.0):
    - GoogleUtilities/Logger
  - GoogleUtilities/UserDefaults (6.6.0):
    - GoogleUtilities/Logger
  - "gRPC-C++ (0.0.9)":
    - "gRPC-C++/Implementation (= 0.0.9)"
    - "gRPC-C++/Interface (= 0.0.9)"
  - "gRPC-C++/Implementation (0.0.9)":
    - "gRPC-C++/Interface (= 0.0.9)"
    - gRPC-Core (= 1.21.0)
    - nanopb (~> 0.3)
  - "gRPC-C++/Interface (0.0.9)"
  - gRPC-Core (1.21.0):
    - gRPC-Core/Implementation (= 1.21.0)
    - gRPC-Core/Interface (= 1.21.0)
  - gRPC-Core/Implementation (1.21.0):
    - BoringSSL-GRPC (= 0.0.3)
    - gRPC-Core/Interface (= 1.21.0)
    - nanopb (~> 0.3)
  - gRPC-Core/Interface (1.21.0)
  - GTMSessionFetcher/Core (1.4.0)
  - leveldb-library (1.22)
  - nanopb (0.3.9011):
    - nanopb/decode (= 0.3.9011)
    - nanopb/encode (= 0.3.9011)
  - nanopb/decode (0.3.9011)
  - nanopb/encode (0.3.9011)
  - PromisesObjC (1.2.8)
  - Protobuf (3.11.4)
  - React (0.59.9):
    - React/Core (= 0.59.9)
  - react-native-fbsdk (1.0.4):
    - React
    - react-native-fbsdk/Core (= 1.0.4)
    - react-native-fbsdk/Login (= 1.0.4)
    - react-native-fbsdk/Share (= 1.0.4)
  - react-native-fbsdk/Core (1.0.4):
    - FBSDKCoreKit (~> 5.5)
    - React
  - react-native-fbsdk/Login (1.0.4):
    - FBSDKLoginKit (~> 5.5)
    - React
  - react-native-fbsdk/Share (1.0.4):
    - FBSDKShareKit (~> 5.5)
    - React
  - react-native-geolocation (1.4.2):
    - React
  - react-native-image-picker (0.28.1):
    - React
  - react-native-image-resizer (1.0.1):
    - React
  - react-native-maps (0.25.0):
    - React
  - react-native-splash-screen (3.2.0):
    - React
  - React/Core (0.59.9):
    - yoga (= 0.59.9.React)
  - React/CxxBridge (0.59.9):
    - Folly (= 2018.10.22.00)
    - React/Core
    - React/cxxreact
    - React/jsiexecutor
  - React/cxxreact (0.59.9):
    - boost-for-react-native (= 1.63.0)
    - DoubleConversion
    - Folly (= 2018.10.22.00)
    - glog
    - React/jsinspector
  - React/DevSupport (0.59.9):
    - React/Core
    - React/RCTWebSocket
  - React/fishhook (0.59.9)
  - React/jsi (0.59.9):
    - DoubleConversion
    - Folly (= 2018.10.22.00)
    - glog
  - React/jsiexecutor (0.59.9):
    - DoubleConversion
    - Folly (= 2018.10.22.00)
    - glog
    - React/cxxreact
    - React/jsi
  - React/jsinspector (0.59.9)
  - React/RCTActionSheet (0.59.9):
    - React/Core
  - React/RCTAnimation (0.59.9):
    - React/Core
  - React/RCTBlob (0.59.9):
    - React/Core
  - React/RCTGeolocation (0.59.9):
    - React/Core
  - React/RCTImage (0.59.9):
    - React/Core
    - React/RCTNetwork
  - React/RCTLinkingIOS (0.59.9):
    - React/Core
  - React/RCTNetwork (0.59.9):
    - React/Core
  - React/RCTSettings (0.59.9):
    - React/Core
  - React/RCTText (0.59.9):
    - React/Core
  - React/RCTVibration (0.59.9):
    - React/Core
  - React/RCTWebSocket (0.59.9):
    - React/Core
    - React/fishhook
    - React/RCTBlob
  - RNFirebase (5.5.6):
    - Firebase/Core
    - React
    - RNFirebase/Crashlytics (= 5.5.6)
  - RNFirebase/Crashlytics (5.5.6):
    - Crashlytics
    - Fabric
    - Firebase/Core
    - React
  - RNFS (2.14.1):
    - React
  - RNSentry (1.3.1):
    - React
    - Sentry (~> 4.4.0)
  - Sentry (4.4.3):
    - Sentry/Core (= 4.4.3)
  - Sentry/Core (4.4.3)
  - yoga (0.59.9.React)

DEPENDENCIES:
  - FBSDKCoreKit (= 5.8.0)
  - FBSDKLoginKit (= 5.8.0)
  - FBSDKShareKit (= 5.8.0)
  - Firebase/Auth (~> 6.8.1)
  - Firebase/Core (~> 6.8.1)
  - Firebase/Database
  - Firebase/Firestore (~> 6.8.1)
  - Firebase/Messaging (~> 6.8.1)
  - Firebase/Storage (~> 6.8.1)
  - Folly (from `../node_modules/react-native/third-party-podspecs/Folly.podspec`)
  - react-native-fbsdk (from `../vendor/react-native-fbsdk`)
  - "react-native-geolocation (from `../node_modules/@react-native-community/geolocation`)"
  - react-native-image-picker (from `../node_modules/react-native-image-picker`)
  - react-native-image-resizer (from `../node_modules/react-native-image-resizer`)
  - react-native-maps (from `../node_modules/react-native-maps`)
  - react-native-splash-screen (from `../node_modules/react-native-splash-screen`)
  - React/Core (from `../node_modules/react-native`)
  - React/CxxBridge (from `../node_modules/react-native`)
  - React/DevSupport (from `../node_modules/react-native`)
  - React/RCTActionSheet (from `../node_modules/react-native`)
  - React/RCTAnimation (from `../node_modules/react-native`)
  - React/RCTGeolocation (from `../node_modules/react-native`)
  - React/RCTImage (from `../node_modules/react-native`)
  - React/RCTLinkingIOS (from `../node_modules/react-native`)
  - React/RCTNetwork (from `../node_modules/react-native`)
  - React/RCTSettings (from `../node_modules/react-native`)
  - React/RCTText (from `../node_modules/react-native`)
  - React/RCTVibration (from `../node_modules/react-native`)
  - React/RCTWebSocket (from `../node_modules/react-native`)
  - RNFirebase (from `../node_modules/react-native-firebase/ios`)
  - RNFS (from `../node_modules/react-native-fs`)
  - "RNSentry (from `../node_modules/@sentry/react-native`)"
  - yoga (from `../node_modules/react-native/ReactCommon/yoga/yoga.podspec`)

SPEC REPOS:
  trunk:
    - boost-for-react-native
    - BoringSSL-GRPC
    - Crashlytics
    - DoubleConversion
    - Fabric
    - FBSDKCoreKit
    - FBSDKLoginKit
    - FBSDKShareKit
    - Firebase
    - FirebaseAnalytics
    - FirebaseAnalyticsInterop
    - FirebaseAuth
    - FirebaseAuthInterop
    - FirebaseCore
    - FirebaseCoreDiagnostics
    - FirebaseCoreDiagnosticsInterop
    - FirebaseDatabase
    - FirebaseFirestore
    - FirebaseInstanceID
    - FirebaseMessaging
    - FirebaseStorage
    - glog
    - GoogleAppMeasurement
    - GoogleDataTransport
    - GoogleDataTransportCCTSupport
    - GoogleUtilities
    - "gRPC-C++"
    - gRPC-Core
    - GTMSessionFetcher
    - leveldb-library
    - nanopb
    - PromisesObjC
    - Protobuf
    - Sentry

EXTERNAL SOURCES:
  Folly:
    :podspec: "../node_modules/react-native/third-party-podspecs/Folly.podspec"
  React:
    :path: "../node_modules/react-native"
  react-native-fbsdk:
    :path: "../vendor/react-native-fbsdk"
  react-native-geolocation:
    :path: "../node_modules/@react-native-community/geolocation"
  react-native-image-picker:
    :path: "../node_modules/react-native-image-picker"
  react-native-image-resizer:
    :path: "../node_modules/react-native-image-resizer"
  react-native-maps:
    :path: "../node_modules/react-native-maps"
  react-native-splash-screen:
    :path: "../node_modules/react-native-splash-screen"
  RNFirebase:
    :path: "../node_modules/react-native-firebase/ios"
  RNFS:
    :path: "../node_modules/react-native-fs"
  RNSentry:
    :path: "../node_modules/@sentry/react-native"
  yoga:
    :path: "../node_modules/react-native/ReactCommon/yoga/yoga.podspec"

SPEC CHECKSUMS:
  boost-for-react-native: 39c7adb57c4e60d6c5479dd8623128eb5b3f0f2c
  BoringSSL-GRPC: db8764df3204ccea016e1c8dd15d9a9ad63ff318
  Crashlytics: 540b7e5f5da5a042647227a5e3ac51d85eed06df
  DoubleConversion: e22e0762848812a87afd67ffda3998d9ef29170c
  Fabric: 706c8b8098fff96c33c0db69cbf81f9c551d0d74
  FBSDKCoreKit: e7dcac0aabcfb09d0166998edd95fe3b05a0ce5d
  FBSDKLoginKit: 1b0cf04df0370b37404213157b060d6666ede814
  FBSDKShareKit: abc29e1bb4f9f59f679adf1ae191006d68455f96
  Firebase: 9cbe4e5b5eaafa05dc932be58b7c8c3820d71e88
  FirebaseAnalytics: 843c7f64a8f9c79f0d03281197ebe7bb1d58d477
  FirebaseAnalyticsInterop: 3f86269c38ae41f47afeb43ebf32a001f58fcdae
  FirebaseAuth: e7f86c2dfc57281cd01f7da5e4b40e01e4510a4a
  FirebaseAuthInterop: a0f37ae05833af156e72028f648d313f7e7592e9
  FirebaseCore: e9d9bd1dae61c1e82bc1e0e617a9d832392086a0
  FirebaseCoreDiagnostics: b59c024493a409f8aecba02c99928d0d8431d159
  FirebaseCoreDiagnosticsInterop: 296e2c5f5314500a850ad0b83e9e7c10b011a850
  FirebaseDatabase: 0144e0706a4761f1b0e8679572eba8095ddb59be
  FirebaseFirestore: 5ee8bdb959541f0d55352f2d681efb03b9742a43
  FirebaseInstanceID: ebd2ea79ee38db0cb5f5167b17a0d387e1cc7b6e
  FirebaseMessaging: 089b7a4991425783384acc8bcefcd78c0af913bd
  FirebaseStorage: 93fe2f8190a01bfb2b2c4932df7d679744c4ef1d
  Folly: de497beb10f102453a1afa9edbf8cf8a251890de
  glog: 1de0bb937dccdc981596d3b5825ebfb765017ded
  GoogleAppMeasurement: 86a82f0e1f20b8eedf8e20326530138fd71409de
  GoogleDataTransport: f6f8eba931df03ebd2232ff4645aa85f8f47b5ab
  GoogleDataTransportCCTSupport: 0f39025e8cf51f168711bd3fb773938d7e62ddb5
  GoogleUtilities: 39530bc0ad980530298e9c4af8549e991fd033b1
  "gRPC-C++": 9dfe7b44821e7b3e44aacad2af29d2c21f7cde83
  gRPC-Core: c9aef9a261a1247e881b18059b84d597293c9947
  GTMSessionFetcher: 6f5c8abbab8a9bce4bb3f057e317728ec6182b10
  leveldb-library: 55d93ee664b4007aac644a782d11da33fba316f7
  nanopb: 18003b5e52dab79db540fe93fe9579f399bd1ccd
  PromisesObjC: c119f3cd559f50b7ae681fa59dc1acd19173b7e6
  Protobuf: 176220c526ad8bd09ab1fb40a978eac3fef665f7
  React: a86b92f00edbe1873a63e4a212c29b7a7ad5224f
  react-native-fbsdk: 45e28bbab3e905cbc635c0bdd3444b372e933ae9
  react-native-geolocation: 79c743ad7a2e86617811ef23f49308824e92520c
  react-native-image-picker: fd93361c666f397bdf72f9c6c23f13d2685b9173
  react-native-image-resizer: ecae22b577b0425cd7803eb8145243038dd4b6bd
  react-native-maps: 190c02ca533fddac5bb49cf17bdece3644612107
  react-native-splash-screen: 200d11d188e2e78cea3ad319964f6142b6384865
  RNFirebase: ac0de8b24c6f91ae9459575491ed6a77327619c6
  RNFS: a8fbe7060fa49157d819466404794ad9c58e58cf
  RNSentry: 6458ba85aa3f8ae291abed4f72abbd7080839c71
  Sentry: 14bdd673870e8cf64932b149fad5bbbf39a9b390
  yoga: 03ff42a6f223fb88deeaed60249020d80c3091ee

PODFILE CHECKSUM: 4af5595a1df1de75671df8c31d997b65e5188aeb

COCOAPODS: 1.8.4
